
Microsoft Visual Studio Solution File, Format Version 12.00
# Visual Studio Version 16
VisualStudioVersion = 16.0.29424.173
MinimumVisualStudioVersion = 10.0.40219.1
Project("{FAE04EC0-301F-11D3-BF4B-00C04F79EFBC}") = "DataStructure", "DataStructure\DataStructure.csproj", "{C0A0C48E-128F-4A56-BA33-863A0ABE113D}"
EndProject
Project("{FAE04EC0-301F-11D3-BF4B-00C04F79EFBC}") = "DataStructure.Tests", "DataStructure.Tests\DataStructure.Tests.csproj", "{B843CFB8-768B-4A53-BDA1-CA15C4B1434C}"
EndProject
Global
	GlobalSection(SolutionConfigurationPlatforms) = preSolution
		Debug|Any CPU = Debug|Any CPU
		Release|Any CPU = Release|Any CPU
	EndGlobalSection
	GlobalSection(ProjectConfigurationPlatforms) = postSolution
		{C0A0C48E-128F-4A56-BA33-863A0ABE113D}.Debug|Any CPU.ActiveCfg = Debug|Any CPU
		{C0A0C48E-128F-4A56-BA33-863A0ABE113D}.Debug|Any CPU.Build.0 = Debug|Any CPU
		{C0A0C48E-128F-4A56-BA33-863A0ABE113D}.Release|Any CPU.ActiveCfg = Release|Any CPU
		{C0A0C48E-128F-4A56-BA33-863A0ABE113D}.Release|Any CPU.Build.0 = Release|Any CPU
		{B843CFB8-768B-4A53-BDA1-CA15C4B1434C}.Debug|Any CPU.ActiveCfg = Debug|Any CPU
		{B843CFB8-768B-4A53-BDA1-CA15C4B1434C}.Debug|Any CPU.Build.0 = Debug|Any CPU
		{B843CFB8-768B-4A53-BDA1-CA15C4B1434C}.Release|Any CPU.ActiveCfg = Release|Any CPU
		{B843CFB8-768B-4A53-BDA1-CA15C4B1434C}.Release|Any CPU.Build.0 = Release|Any CPU
	EndGlobalSection
	GlobalSection(SolutionProperties) = preSolution
		HideSolutionNode = FALSE
	EndGlobalSection
	GlobalSection(ExtensibilityGlobals) = postSolution
		SolutionGuid = {1EA3C539-083F-4386-9379-855075611AB6}
	EndGlobalSection
EndGlobal
